
Microsoft Visual Studio Solution File, Format Version 12.00
# Visual Studio 15
VisualStudioVersion = 15.0.28010.2016
MinimumVisualStudioVersion = 10.0.40219.1
Project("{FAE04EC0-301F-11D3-BF4B-00C04F79EFBC}") = "ComControl", "ComControl.csproj", "{8ECA6053-B9F0-4AB6-A529-4019EC25F530}"
EndProject
Project("{FAE04EC0-301F-11D3-BF4B-00C04F79EFBC}") = "Tests", "Tests\Tests.csproj", "{9EEC7C69-90A5-4716-B019-ACCF4439E644}"
	ProjectSection(ProjectDependencies) = postProject
		{8ECA6053-B9F0-4AB6-A529-4019EC25F530} = {8ECA6053-B9F0-4AB6-A529-4019EC25F530}
		{F0E77897-C77C-4A5D-89CC-166834E375A7} = {F0E77897-C77C-4A5D-89CC-166834E375A7}
	EndProjectSection
EndProject
Project("{FAE04EC0-301F-11D3-BF4B-00C04F79EFBC}") = "AudioVideo", "Libraries\AudioVideo\AudioVideo.csproj", "{F0E77897-C77C-4A5D-89CC-166834E375A7}"
EndProject
Global
	GlobalSection(SolutionConfigurationPlatforms) = preSolution
		Debug|ARM = Debug|ARM
		Release|ARM = Release|ARM
	EndGlobalSection
	GlobalSection(ProjectConfigurationPlatforms) = postSolution
		{8ECA6053-B9F0-4AB6-A529-4019EC25F530}.Debug|ARM.ActiveCfg = Debug|ARM
		{8ECA6053-B9F0-4AB6-A529-4019EC25F530}.Debug|ARM.Build.0 = Debug|ARM
		{8ECA6053-B9F0-4AB6-A529-4019EC25F530}.Debug|ARM.Deploy.0 = Debug|ARM
		{8ECA6053-B9F0-4AB6-A529-4019EC25F530}.Release|ARM.ActiveCfg = Release|ARM
		{8ECA6053-B9F0-4AB6-A529-4019EC25F530}.Release|ARM.Build.0 = Release|ARM
		{8ECA6053-B9F0-4AB6-A529-4019EC25F530}.Release|ARM.Deploy.0 = Release|ARM
		{9EEC7C69-90A5-4716-B019-ACCF4439E644}.Debug|ARM.ActiveCfg = Debug|ARM
		{9EEC7C69-90A5-4716-B019-ACCF4439E644}.Debug|ARM.Build.0 = Debug|ARM
		{9EEC7C69-90A5-4716-B019-ACCF4439E644}.Debug|ARM.Deploy.0 = Debug|ARM
		{9EEC7C69-90A5-4716-B019-ACCF4439E644}.Release|ARM.ActiveCfg = Release|ARM
		{9EEC7C69-90A5-4716-B019-ACCF4439E644}.Release|ARM.Build.0 = Release|ARM
		{9EEC7C69-90A5-4716-B019-ACCF4439E644}.Release|ARM.Deploy.0 = Release|ARM
		{F0E77897-C77C-4A5D-89CC-166834E375A7}.Debug|ARM.ActiveCfg = Debug|ARM
		{F0E77897-C77C-4A5D-89CC-166834E375A7}.Debug|ARM.Build.0 = Debug|ARM
		{F0E77897-C77C-4A5D-89CC-166834E375A7}.Release|ARM.ActiveCfg = Release|ARM
		{F0E77897-C77C-4A5D-89CC-166834E375A7}.Release|ARM.Build.0 = Release|ARM
	EndGlobalSection
	GlobalSection(SolutionProperties) = preSolution
		HideSolutionNode = FALSE
	EndGlobalSection
	GlobalSection(ExtensibilityGlobals) = postSolution
		SolutionGuid = {939EBD3F-709C-412A-8921-3044FF3297C1}
	EndGlobalSection
EndGlobal
