
Microsoft Visual Studio Solution File, Format Version 12.00
# Visual Studio Version 17
VisualStudioVersion = 17.5.33502.453
MinimumVisualStudioVersion = 10.0.40219.1
Project("{FAE04EC0-301F-11D3-BF4B-00C04F79EFBC}") = "ControlRelay", "ControlRelay\ControlRelay.csproj", "{E98566E4-CAC9-4460-9BAF-105D172124A4}"
EndProject
Project("{FAE04EC0-301F-11D3-BF4B-00C04F79EFBC}") = "ControlRelayTests", "Tests\ControlRelayTests\ControlRelayTests.csproj", "{CDB5CA00-2F4A-45D6-9600-EED4429D60A6}"
EndProject
Project("{9A19103F-16F7-4668-BE54-9A1E7A4F7556}") = "ControllableDeviceTypes", "ControllableDeviceTypes\ControllableDeviceTypes.csproj", "{02BDAE16-8CB7-4F0A-BD61-928AD7AAB2E6}"
EndProject
Project("{FAE04EC0-301F-11D3-BF4B-00C04F79EFBC}") = "ControllableDevice", "ControllableDevice\ControllableDevice.csproj", "{B9BEB0F1-3DB8-4CF0-A567-6354E7C23691}"
EndProject
Project("{9A19103F-16F7-4668-BE54-9A1E7A4F7556}") = "CommandProcessor", "CommandProcessor\CommandProcessor.csproj", "{82812DF5-4342-4650-B23A-293D98AC28A9}"
EndProject
Project("{FAE04EC0-301F-11D3-BF4B-00C04F79EFBC}") = "ControlRelayApp", "ControlRelayApp\ControlRelayApp.csproj", "{9EBCF1CD-1680-4CEE-8422-801A4EA5EE7E}"
EndProject
Global
	GlobalSection(SolutionConfigurationPlatforms) = preSolution
		Debug|ARM = Debug|ARM
		Debug|x64 = Debug|x64
		Release|ARM = Release|ARM
		Release|x64 = Release|x64
	EndGlobalSection
	GlobalSection(ProjectConfigurationPlatforms) = postSolution
		{E98566E4-CAC9-4460-9BAF-105D172124A4}.Debug|ARM.ActiveCfg = Debug|ARM
		{E98566E4-CAC9-4460-9BAF-105D172124A4}.Debug|ARM.Build.0 = Debug|ARM
		{E98566E4-CAC9-4460-9BAF-105D172124A4}.Debug|ARM.Deploy.0 = Debug|ARM
		{E98566E4-CAC9-4460-9BAF-105D172124A4}.Debug|x64.ActiveCfg = Debug|ARM
		{E98566E4-CAC9-4460-9BAF-105D172124A4}.Release|ARM.ActiveCfg = Release|ARM
		{E98566E4-CAC9-4460-9BAF-105D172124A4}.Release|ARM.Build.0 = Release|ARM
		{E98566E4-CAC9-4460-9BAF-105D172124A4}.Release|ARM.Deploy.0 = Release|ARM
		{E98566E4-CAC9-4460-9BAF-105D172124A4}.Release|x64.ActiveCfg = Release|ARM
		{CDB5CA00-2F4A-45D6-9600-EED4429D60A6}.Debug|ARM.ActiveCfg = Debug|ARM
		{CDB5CA00-2F4A-45D6-9600-EED4429D60A6}.Debug|ARM.Build.0 = Debug|ARM
		{CDB5CA00-2F4A-45D6-9600-EED4429D60A6}.Debug|ARM.Deploy.0 = Debug|ARM
		{CDB5CA00-2F4A-45D6-9600-EED4429D60A6}.Debug|x64.ActiveCfg = Debug|x64
		{CDB5CA00-2F4A-45D6-9600-EED4429D60A6}.Debug|x64.Build.0 = Debug|x64
		{CDB5CA00-2F4A-45D6-9600-EED4429D60A6}.Debug|x64.Deploy.0 = Debug|x64
		{CDB5CA00-2F4A-45D6-9600-EED4429D60A6}.Release|ARM.ActiveCfg = Release|ARM
		{CDB5CA00-2F4A-45D6-9600-EED4429D60A6}.Release|ARM.Build.0 = Release|ARM
		{CDB5CA00-2F4A-45D6-9600-EED4429D60A6}.Release|ARM.Deploy.0 = Release|ARM
		{CDB5CA00-2F4A-45D6-9600-EED4429D60A6}.Release|x64.ActiveCfg = Release|x64
		{CDB5CA00-2F4A-45D6-9600-EED4429D60A6}.Release|x64.Build.0 = Release|x64
		{CDB5CA00-2F4A-45D6-9600-EED4429D60A6}.Release|x64.Deploy.0 = Release|x64
		{02BDAE16-8CB7-4F0A-BD61-928AD7AAB2E6}.Debug|ARM.ActiveCfg = Debug|Any CPU
		{02BDAE16-8CB7-4F0A-BD61-928AD7AAB2E6}.Debug|ARM.Build.0 = Debug|Any CPU
		{02BDAE16-8CB7-4F0A-BD61-928AD7AAB2E6}.Debug|x64.ActiveCfg = Debug|Any CPU
		{02BDAE16-8CB7-4F0A-BD61-928AD7AAB2E6}.Debug|x64.Build.0 = Debug|Any CPU
		{02BDAE16-8CB7-4F0A-BD61-928AD7AAB2E6}.Release|ARM.ActiveCfg = Release|Any CPU
		{02BDAE16-8CB7-4F0A-BD61-928AD7AAB2E6}.Release|ARM.Build.0 = Release|Any CPU
		{02BDAE16-8CB7-4F0A-BD61-928AD7AAB2E6}.Release|x64.ActiveCfg = Release|Any CPU
		{02BDAE16-8CB7-4F0A-BD61-928AD7AAB2E6}.Release|x64.Build.0 = Release|Any CPU
		{B9BEB0F1-3DB8-4CF0-A567-6354E7C23691}.Debug|ARM.ActiveCfg = Debug|ARM
		{B9BEB0F1-3DB8-4CF0-A567-6354E7C23691}.Debug|ARM.Build.0 = Debug|ARM
		{B9BEB0F1-3DB8-4CF0-A567-6354E7C23691}.Debug|x64.ActiveCfg = Debug|x64
		{B9BEB0F1-3DB8-4CF0-A567-6354E7C23691}.Debug|x64.Build.0 = Debug|x64
		{B9BEB0F1-3DB8-4CF0-A567-6354E7C23691}.Release|ARM.ActiveCfg = Release|ARM
		{B9BEB0F1-3DB8-4CF0-A567-6354E7C23691}.Release|ARM.Build.0 = Release|ARM
		{B9BEB0F1-3DB8-4CF0-A567-6354E7C23691}.Release|x64.ActiveCfg = Release|x64
		{B9BEB0F1-3DB8-4CF0-A567-6354E7C23691}.Release|x64.Build.0 = Release|x64
		{82812DF5-4342-4650-B23A-293D98AC28A9}.Debug|ARM.ActiveCfg = Debug|Any CPU
		{82812DF5-4342-4650-B23A-293D98AC28A9}.Debug|ARM.Build.0 = Debug|Any CPU
		{82812DF5-4342-4650-B23A-293D98AC28A9}.Debug|x64.ActiveCfg = Debug|Any CPU
		{82812DF5-4342-4650-B23A-293D98AC28A9}.Debug|x64.Build.0 = Debug|Any CPU
		{82812DF5-4342-4650-B23A-293D98AC28A9}.Release|ARM.ActiveCfg = Release|Any CPU
		{82812DF5-4342-4650-B23A-293D98AC28A9}.Release|ARM.Build.0 = Release|Any CPU
		{82812DF5-4342-4650-B23A-293D98AC28A9}.Release|x64.ActiveCfg = Release|Any CPU
		{82812DF5-4342-4650-B23A-293D98AC28A9}.Release|x64.Build.0 = Release|Any CPU
		{9EBCF1CD-1680-4CEE-8422-801A4EA5EE7E}.Debug|ARM.ActiveCfg = Debug|ARM
		{9EBCF1CD-1680-4CEE-8422-801A4EA5EE7E}.Debug|ARM.Build.0 = Debug|ARM
		{9EBCF1CD-1680-4CEE-8422-801A4EA5EE7E}.Debug|ARM.Deploy.0 = Debug|ARM
		{9EBCF1CD-1680-4CEE-8422-801A4EA5EE7E}.Debug|x64.ActiveCfg = Debug|x64
		{9EBCF1CD-1680-4CEE-8422-801A4EA5EE7E}.Debug|x64.Build.0 = Debug|x64
		{9EBCF1CD-1680-4CEE-8422-801A4EA5EE7E}.Debug|x64.Deploy.0 = Debug|x64
		{9EBCF1CD-1680-4CEE-8422-801A4EA5EE7E}.Release|ARM.ActiveCfg = Release|ARM
		{9EBCF1CD-1680-4CEE-8422-801A4EA5EE7E}.Release|ARM.Build.0 = Release|ARM
		{9EBCF1CD-1680-4CEE-8422-801A4EA5EE7E}.Release|ARM.Deploy.0 = Release|ARM
		{9EBCF1CD-1680-4CEE-8422-801A4EA5EE7E}.Release|x64.ActiveCfg = Release|x64
		{9EBCF1CD-1680-4CEE-8422-801A4EA5EE7E}.Release|x64.Build.0 = Release|x64
		{9EBCF1CD-1680-4CEE-8422-801A4EA5EE7E}.Release|x64.Deploy.0 = Release|x64
	EndGlobalSection
	GlobalSection(SolutionProperties) = preSolution
		HideSolutionNode = FALSE
	EndGlobalSection
	GlobalSection(ExtensibilityGlobals) = postSolution
		SolutionGuid = {7266B61E-338E-40E1-8C3F-1109DCCD8B28}
	EndGlobalSection
EndGlobal
