
Microsoft Visual Studio Solution File, Format Version 12.00
# Visual Studio 15
VisualStudioVersion = 15.0.28010.2026
MinimumVisualStudioVersion = 10.0.40219.1
Project("{FAE04EC0-301F-11D3-BF4B-00C04F79EFBC}") = "AudioVideoDevice", "AudioVideoDevice\AudioVideoDevice.csproj", "{9455BD3F-9C23-42CB-A23E-78EBD074DCE5}"
EndProject
Project("{FAE04EC0-301F-11D3-BF4B-00C04F79EFBC}") = "Tests", "Tests\Tests.csproj", "{CDB5CA00-2F4A-45D6-9600-EED4429D60A6}"
	ProjectSection(ProjectDependencies) = postProject
		{C6169642-BBF7-4B47-AAAD-228B730F290E} = {C6169642-BBF7-4B47-AAAD-228B730F290E}
	EndProjectSection
EndProject
Project("{FAE04EC0-301F-11D3-BF4B-00C04F79EFBC}") = "ControlRelay", "ControlRelay\ControlRelay.csproj", "{E98566E4-CAC9-4460-9BAF-105D172124A4}"
	ProjectSection(ProjectDependencies) = postProject
		{C6169642-BBF7-4B47-AAAD-228B730F290E} = {C6169642-BBF7-4B47-AAAD-228B730F290E}
	EndProjectSection
EndProject
Project("{FAE04EC0-301F-11D3-BF4B-00C04F79EFBC}") = "PduDevice", "PduDevice\PduDevice.csproj", "{C6169642-BBF7-4B47-AAAD-228B730F290E}"
EndProject
Project("{2150E333-8FDC-42A3-9474-1A3956D46DE8}") = "Devices", "Devices", "{3AC32269-1DAD-4CB9-85AF-2964686C8C44}"
EndProject
Global
	GlobalSection(SolutionConfigurationPlatforms) = preSolution
		Debug|Any CPU = Debug|Any CPU
		Debug|ARM = Debug|ARM
		Debug|x64 = Debug|x64
		Debug|x86 = Debug|x86
		Release|Any CPU = Release|Any CPU
		Release|ARM = Release|ARM
		Release|x64 = Release|x64
		Release|x86 = Release|x86
	EndGlobalSection
	GlobalSection(ProjectConfigurationPlatforms) = postSolution
		{9455BD3F-9C23-42CB-A23E-78EBD074DCE5}.Debug|Any CPU.ActiveCfg = Debug|Any CPU
		{9455BD3F-9C23-42CB-A23E-78EBD074DCE5}.Debug|Any CPU.Build.0 = Debug|Any CPU
		{9455BD3F-9C23-42CB-A23E-78EBD074DCE5}.Debug|ARM.ActiveCfg = Debug|ARM
		{9455BD3F-9C23-42CB-A23E-78EBD074DCE5}.Debug|ARM.Build.0 = Debug|ARM
		{9455BD3F-9C23-42CB-A23E-78EBD074DCE5}.Debug|x64.ActiveCfg = Debug|x64
		{9455BD3F-9C23-42CB-A23E-78EBD074DCE5}.Debug|x64.Build.0 = Debug|x64
		{9455BD3F-9C23-42CB-A23E-78EBD074DCE5}.Debug|x86.ActiveCfg = Debug|x86
		{9455BD3F-9C23-42CB-A23E-78EBD074DCE5}.Debug|x86.Build.0 = Debug|x86
		{9455BD3F-9C23-42CB-A23E-78EBD074DCE5}.Release|Any CPU.ActiveCfg = Release|Any CPU
		{9455BD3F-9C23-42CB-A23E-78EBD074DCE5}.Release|Any CPU.Build.0 = Release|Any CPU
		{9455BD3F-9C23-42CB-A23E-78EBD074DCE5}.Release|ARM.ActiveCfg = Release|ARM
		{9455BD3F-9C23-42CB-A23E-78EBD074DCE5}.Release|ARM.Build.0 = Release|ARM
		{9455BD3F-9C23-42CB-A23E-78EBD074DCE5}.Release|x64.ActiveCfg = Release|x64
		{9455BD3F-9C23-42CB-A23E-78EBD074DCE5}.Release|x64.Build.0 = Release|x64
		{9455BD3F-9C23-42CB-A23E-78EBD074DCE5}.Release|x86.ActiveCfg = Release|x86
		{9455BD3F-9C23-42CB-A23E-78EBD074DCE5}.Release|x86.Build.0 = Release|x86
		{CDB5CA00-2F4A-45D6-9600-EED4429D60A6}.Debug|Any CPU.ActiveCfg = Debug|x86
		{CDB5CA00-2F4A-45D6-9600-EED4429D60A6}.Debug|ARM.ActiveCfg = Debug|ARM
		{CDB5CA00-2F4A-45D6-9600-EED4429D60A6}.Debug|ARM.Build.0 = Debug|ARM
		{CDB5CA00-2F4A-45D6-9600-EED4429D60A6}.Debug|ARM.Deploy.0 = Debug|ARM
		{CDB5CA00-2F4A-45D6-9600-EED4429D60A6}.Debug|x64.ActiveCfg = Debug|x64
		{CDB5CA00-2F4A-45D6-9600-EED4429D60A6}.Debug|x64.Build.0 = Debug|x64
		{CDB5CA00-2F4A-45D6-9600-EED4429D60A6}.Debug|x64.Deploy.0 = Debug|x64
		{CDB5CA00-2F4A-45D6-9600-EED4429D60A6}.Debug|x86.ActiveCfg = Debug|x86
		{CDB5CA00-2F4A-45D6-9600-EED4429D60A6}.Debug|x86.Build.0 = Debug|x86
		{CDB5CA00-2F4A-45D6-9600-EED4429D60A6}.Debug|x86.Deploy.0 = Debug|x86
		{CDB5CA00-2F4A-45D6-9600-EED4429D60A6}.Release|Any CPU.ActiveCfg = Release|x86
		{CDB5CA00-2F4A-45D6-9600-EED4429D60A6}.Release|ARM.ActiveCfg = Release|ARM
		{CDB5CA00-2F4A-45D6-9600-EED4429D60A6}.Release|ARM.Build.0 = Release|ARM
		{CDB5CA00-2F4A-45D6-9600-EED4429D60A6}.Release|ARM.Deploy.0 = Release|ARM
		{CDB5CA00-2F4A-45D6-9600-EED4429D60A6}.Release|x64.ActiveCfg = Release|x64
		{CDB5CA00-2F4A-45D6-9600-EED4429D60A6}.Release|x64.Build.0 = Release|x64
		{CDB5CA00-2F4A-45D6-9600-EED4429D60A6}.Release|x64.Deploy.0 = Release|x64
		{CDB5CA00-2F4A-45D6-9600-EED4429D60A6}.Release|x86.ActiveCfg = Release|x86
		{CDB5CA00-2F4A-45D6-9600-EED4429D60A6}.Release|x86.Build.0 = Release|x86
		{CDB5CA00-2F4A-45D6-9600-EED4429D60A6}.Release|x86.Deploy.0 = Release|x86
		{E98566E4-CAC9-4460-9BAF-105D172124A4}.Debug|Any CPU.ActiveCfg = Debug|x86
		{E98566E4-CAC9-4460-9BAF-105D172124A4}.Debug|ARM.ActiveCfg = Debug|ARM
		{E98566E4-CAC9-4460-9BAF-105D172124A4}.Debug|ARM.Build.0 = Debug|ARM
		{E98566E4-CAC9-4460-9BAF-105D172124A4}.Debug|ARM.Deploy.0 = Debug|ARM
		{E98566E4-CAC9-4460-9BAF-105D172124A4}.Debug|x64.ActiveCfg = Debug|x64
		{E98566E4-CAC9-4460-9BAF-105D172124A4}.Debug|x64.Build.0 = Debug|x64
		{E98566E4-CAC9-4460-9BAF-105D172124A4}.Debug|x64.Deploy.0 = Debug|x64
		{E98566E4-CAC9-4460-9BAF-105D172124A4}.Debug|x86.ActiveCfg = Debug|x86
		{E98566E4-CAC9-4460-9BAF-105D172124A4}.Debug|x86.Build.0 = Debug|x86
		{E98566E4-CAC9-4460-9BAF-105D172124A4}.Debug|x86.Deploy.0 = Debug|x86
		{E98566E4-CAC9-4460-9BAF-105D172124A4}.Release|Any CPU.ActiveCfg = Release|x86
		{E98566E4-CAC9-4460-9BAF-105D172124A4}.Release|ARM.ActiveCfg = Release|ARM
		{E98566E4-CAC9-4460-9BAF-105D172124A4}.Release|ARM.Build.0 = Release|ARM
		{E98566E4-CAC9-4460-9BAF-105D172124A4}.Release|ARM.Deploy.0 = Release|ARM
		{E98566E4-CAC9-4460-9BAF-105D172124A4}.Release|x64.ActiveCfg = Release|x64
		{E98566E4-CAC9-4460-9BAF-105D172124A4}.Release|x64.Build.0 = Release|x64
		{E98566E4-CAC9-4460-9BAF-105D172124A4}.Release|x64.Deploy.0 = Release|x64
		{E98566E4-CAC9-4460-9BAF-105D172124A4}.Release|x86.ActiveCfg = Release|x86
		{E98566E4-CAC9-4460-9BAF-105D172124A4}.Release|x86.Build.0 = Release|x86
		{E98566E4-CAC9-4460-9BAF-105D172124A4}.Release|x86.Deploy.0 = Release|x86
		{C6169642-BBF7-4B47-AAAD-228B730F290E}.Debug|Any CPU.ActiveCfg = Debug|Any CPU
		{C6169642-BBF7-4B47-AAAD-228B730F290E}.Debug|Any CPU.Build.0 = Debug|Any CPU
		{C6169642-BBF7-4B47-AAAD-228B730F290E}.Debug|ARM.ActiveCfg = Debug|ARM
		{C6169642-BBF7-4B47-AAAD-228B730F290E}.Debug|ARM.Build.0 = Debug|ARM
		{C6169642-BBF7-4B47-AAAD-228B730F290E}.Debug|x64.ActiveCfg = Debug|x64
		{C6169642-BBF7-4B47-AAAD-228B730F290E}.Debug|x64.Build.0 = Debug|x64
		{C6169642-BBF7-4B47-AAAD-228B730F290E}.Debug|x86.ActiveCfg = Debug|x86
		{C6169642-BBF7-4B47-AAAD-228B730F290E}.Debug|x86.Build.0 = Debug|x86
		{C6169642-BBF7-4B47-AAAD-228B730F290E}.Release|Any CPU.ActiveCfg = Release|Any CPU
		{C6169642-BBF7-4B47-AAAD-228B730F290E}.Release|Any CPU.Build.0 = Release|Any CPU
		{C6169642-BBF7-4B47-AAAD-228B730F290E}.Release|ARM.ActiveCfg = Release|ARM
		{C6169642-BBF7-4B47-AAAD-228B730F290E}.Release|ARM.Build.0 = Release|ARM
		{C6169642-BBF7-4B47-AAAD-228B730F290E}.Release|x64.ActiveCfg = Release|x64
		{C6169642-BBF7-4B47-AAAD-228B730F290E}.Release|x64.Build.0 = Release|x64
		{C6169642-BBF7-4B47-AAAD-228B730F290E}.Release|x86.ActiveCfg = Release|x86
		{C6169642-BBF7-4B47-AAAD-228B730F290E}.Release|x86.Build.0 = Release|x86
	EndGlobalSection
	GlobalSection(SolutionProperties) = preSolution
		HideSolutionNode = FALSE
	EndGlobalSection
	GlobalSection(NestedProjects) = preSolution
		{9455BD3F-9C23-42CB-A23E-78EBD074DCE5} = {3AC32269-1DAD-4CB9-85AF-2964686C8C44}
		{C6169642-BBF7-4B47-AAAD-228B730F290E} = {3AC32269-1DAD-4CB9-85AF-2964686C8C44}
	EndGlobalSection
	GlobalSection(ExtensibilityGlobals) = postSolution
		SolutionGuid = {7266B61E-338E-40E1-8C3F-1109DCCD8B28}
	EndGlobalSection
EndGlobal
